
Microsoft Visual Studio Solution File, Format Version 12.00
# Visual Studio Version 16
VisualStudioVersion = 16.0.30711.63
MinimumVisualStudioVersion = 10.0.40219.1
Project("{FAE04EC0-301F-11D3-BF4B-00C04F79EFBC}") = "GOT", "GOT\GOT.csproj", "{E49916DF-7054-4107-8B7E-9033C16D6B3B}"
EndProject
Global
	GlobalSection(SolutionConfigurationPlatforms) = preSolution
		Debug|Any CPU = Debug|Any CPU
		Release|Any CPU = Release|Any CPU
	EndGlobalSection
	GlobalSection(ProjectConfigurationPlatforms) = postSolution
		{E49916DF-7054-4107-8B7E-9033C16D6B3B}.Debug|Any CPU.ActiveCfg = Debug|Any CPU
		{E49916DF-7054-4107-8B7E-9033C16D6B3B}.Debug|Any CPU.Build.0 = Debug|Any CPU
		{E49916DF-7054-4107-8B7E-9033C16D6B3B}.Release|Any CPU.ActiveCfg = Release|Any CPU
		{E49916DF-7054-4107-8B7E-9033C16D6B3B}.Release|Any CPU.Build.0 = Release|Any CPU
	EndGlobalSection
	GlobalSection(SolutionProperties) = preSolution
		HideSolutionNode = FALSE
	EndGlobalSection
	GlobalSection(ExtensibilityGlobals) = postSolution
		SolutionGuid = {449BB10B-F755-485F-8C2C-9377D4BE81F6}
	EndGlobalSection
EndGlobal
